
Microsoft Visual Studio Solution File, Format Version 12.00
# Visual Studio Version 16
VisualStudioVersion = 16.0.29102.190
MinimumVisualStudioVersion = 10.0.40219.1
Project("{FAE04EC0-301F-11D3-BF4B-00C04F79EFBC}") = "exerc.Estoque", "exerc.Estoque\exerc.Estoque.csproj", "{AAD3645E-94C3-4330-A2D8-8C1C14C52F5C}"
EndProject
Global
	GlobalSection(SolutionConfigurationPlatforms) = preSolution
		Debug|Any CPU = Debug|Any CPU
		Release|Any CPU = Release|Any CPU
	EndGlobalSection
	GlobalSection(ProjectConfigurationPlatforms) = postSolution
		{AAD3645E-94C3-4330-A2D8-8C1C14C52F5C}.Debug|Any CPU.ActiveCfg = Debug|Any CPU
		{AAD3645E-94C3-4330-A2D8-8C1C14C52F5C}.Debug|Any CPU.Build.0 = Debug|Any CPU
		{AAD3645E-94C3-4330-A2D8-8C1C14C52F5C}.Release|Any CPU.ActiveCfg = Release|Any CPU
		{AAD3645E-94C3-4330-A2D8-8C1C14C52F5C}.Release|Any CPU.Build.0 = Release|Any CPU
	EndGlobalSection
	GlobalSection(SolutionProperties) = preSolution
		HideSolutionNode = FALSE
	EndGlobalSection
	GlobalSection(ExtensibilityGlobals) = postSolution
		SolutionGuid = {73FE3091-4B7F-4D52-B368-43852A2C3080}
	EndGlobalSection
EndGlobal
